{
  "name": "cloudron-backblaze-b2-storage",
  "version": "0.0.1",
  "lockfileVersion": 1,
  "requires": true,
  "dependencies": {
    "@misk/prettier": {
      "version": "0.1.26-40",
      "resolved": "https://registry.npmjs.org/@misk/prettier/-/prettier-0.1.26-40.tgz",
      "integrity": "sha512-7r05VMf64XoiVE0R/X3Zb5IwhVul+UmZdbcw8Jgl7MdXI64L/V0L9jcFcRJtUE77/JXTEOMOSBOmQ/JNFPAfUA==",
      "dev": true,
      "requires": {
        "prettier": "1.19.1"
      }
    },
    "lodash": {
      "version": "4.17.15",
      "resolved": "https://registry.npmjs.org/lodash/-/lodash-4.17.15.tgz",
      "integrity": "sha512-8xOcRHvCjnocdS5cpwXQXVzmmh5e5+saE2QGoeQmbKmRS6J3VQppPOIt0MnmE+4xlZoumy0GPG0D0MVIQbNA1A=="
    },
    "prettier": {
      "version": "1.19.1",
      "resolved": "https://registry.npmjs.org/prettier/-/prettier-1.19.1.tgz",
      "integrity": "sha512-s7PoyDv/II1ObgQunCbB9PdLmUcBZcnWOcxDh7O0N/UwDEsHyqkW+Qh28jW+mVuCdx7gLB0BotYI1Y6uI9iyew==",
      "dev": true
    }
  }
}
